
Microsoft Visual Studio Solution File, Format Version 12.00
# Visual Studio Version 17
VisualStudioVersion = 17.0.32112.339
MinimumVisualStudioVersion = 10.0.40219.1
Project("{9A19103F-16F7-4668-BE54-9A1E7A4F7556}") = "Product.Core", "Product.Core\Product.Core.csproj", "{79005F85-3ED3-4CD4-9276-F381C7214025}"
EndProject
Project("{9A19103F-16F7-4668-BE54-9A1E7A4F7556}") = "Product.Application", "Product.Application\Product.Application.csproj", "{50885D44-8663-48B0-BA51-1A3F2D95755C}"
EndProject
Project("{9A19103F-16F7-4668-BE54-9A1E7A4F7556}") = "Product.Infrastructure", "Product.Infrastructure\Product.Infrastructure.csproj", "{4BE8F102-0CEA-42A5-BACD-874B0567BDD2}"
EndProject
Project("{9A19103F-16F7-4668-BE54-9A1E7A4F7556}") = "Product.API", "Product.API\Product.API.csproj", "{BF118521-F6F1-48E0-952A-8910888C6D4F}"
EndProject
Project("{FAE04EC0-301F-11D3-BF4B-00C04F79EFBC}") = "Product.Infrastructure.Tests", "Product.Infrastructure.Tests\Product.Infrastructure.Tests.csproj", "{53353096-445B-408D-A0F9-80A36D2DE9B3}"
EndProject
Global
	GlobalSection(SolutionConfigurationPlatforms) = preSolution
		Debug|Any CPU = Debug|Any CPU
		Release|Any CPU = Release|Any CPU
	EndGlobalSection
	GlobalSection(ProjectConfigurationPlatforms) = postSolution
		{79005F85-3ED3-4CD4-9276-F381C7214025}.Debug|Any CPU.ActiveCfg = Debug|Any CPU
		{79005F85-3ED3-4CD4-9276-F381C7214025}.Debug|Any CPU.Build.0 = Debug|Any CPU
		{79005F85-3ED3-4CD4-9276-F381C7214025}.Release|Any CPU.ActiveCfg = Release|Any CPU
		{79005F85-3ED3-4CD4-9276-F381C7214025}.Release|Any CPU.Build.0 = Release|Any CPU
		{50885D44-8663-48B0-BA51-1A3F2D95755C}.Debug|Any CPU.ActiveCfg = Debug|Any CPU
		{50885D44-8663-48B0-BA51-1A3F2D95755C}.Debug|Any CPU.Build.0 = Debug|Any CPU
		{50885D44-8663-48B0-BA51-1A3F2D95755C}.Release|Any CPU.ActiveCfg = Release|Any CPU
		{50885D44-8663-48B0-BA51-1A3F2D95755C}.Release|Any CPU.Build.0 = Release|Any CPU
		{4BE8F102-0CEA-42A5-BACD-874B0567BDD2}.Debug|Any CPU.ActiveCfg = Debug|Any CPU
		{4BE8F102-0CEA-42A5-BACD-874B0567BDD2}.Debug|Any CPU.Build.0 = Debug|Any CPU
		{4BE8F102-0CEA-42A5-BACD-874B0567BDD2}.Release|Any CPU.ActiveCfg = Release|Any CPU
		{4BE8F102-0CEA-42A5-BACD-874B0567BDD2}.Release|Any CPU.Build.0 = Release|Any CPU
		{BF118521-F6F1-48E0-952A-8910888C6D4F}.Debug|Any CPU.ActiveCfg = Debug|Any CPU
		{BF118521-F6F1-48E0-952A-8910888C6D4F}.Debug|Any CPU.Build.0 = Debug|Any CPU
		{BF118521-F6F1-48E0-952A-8910888C6D4F}.Release|Any CPU.ActiveCfg = Release|Any CPU
		{BF118521-F6F1-48E0-952A-8910888C6D4F}.Release|Any CPU.Build.0 = Release|Any CPU
		{53353096-445B-408D-A0F9-80A36D2DE9B3}.Debug|Any CPU.ActiveCfg = Debug|Any CPU
		{53353096-445B-408D-A0F9-80A36D2DE9B3}.Debug|Any CPU.Build.0 = Debug|Any CPU
		{53353096-445B-408D-A0F9-80A36D2DE9B3}.Release|Any CPU.ActiveCfg = Release|Any CPU
		{53353096-445B-408D-A0F9-80A36D2DE9B3}.Release|Any CPU.Build.0 = Release|Any CPU
	EndGlobalSection
	GlobalSection(SolutionProperties) = preSolution
		HideSolutionNode = FALSE
	EndGlobalSection
	GlobalSection(ExtensibilityGlobals) = postSolution
		SolutionGuid = {1CB4BF4B-9ED4-4948-A769-23C5F8831F90}
	EndGlobalSection
EndGlobal
